
Microsoft Visual Studio Solution File, Format Version 12.00
# Visual Studio Version 17
VisualStudioVersion = 17.12.35527.113
MinimumVisualStudioVersion = 10.0.40219.1
Project("{FAE04EC0-301F-11D3-BF4B-00C04F79EFBC}") = "TaskManager.API", "TaskManager.API\TaskManager.API.csproj", "{D0C65098-FDF5-4CAB-A358-7682528A331A}"
EndProject
Project("{FAE04EC0-301F-11D3-BF4B-00C04F79EFBC}") = "TaskManager.Application", "TaskManager.Application\TaskManager.Application.csproj", "{3964E7B8-890E-465B-B76D-1A05C41C3711}"
EndProject
Project("{FAE04EC0-301F-11D3-BF4B-00C04F79EFBC}") = "TaskManager.Core", "TaskManager.Core\TaskManager.Core.csproj", "{FE02A981-ED72-4BDD-89CE-FDAD533149C2}"
EndProject
Project("{FAE04EC0-301F-11D3-BF4B-00C04F79EFBC}") = "TaskManager.Infrastructure", "TaskManager.Infrastructure\TaskManager.Infrastructure.csproj", "{A2138A49-DD67-475C-BED6-F2D9BB3F0E91}"
EndProject
Global
	GlobalSection(SolutionConfigurationPlatforms) = preSolution
		Debug|Any CPU = Debug|Any CPU
		Release|Any CPU = Release|Any CPU
	EndGlobalSection
	GlobalSection(ProjectConfigurationPlatforms) = postSolution
		{D0C65098-FDF5-4CAB-A358-7682528A331A}.Debug|Any CPU.ActiveCfg = Debug|Any CPU
		{D0C65098-FDF5-4CAB-A358-7682528A331A}.Debug|Any CPU.Build.0 = Debug|Any CPU
		{D0C65098-FDF5-4CAB-A358-7682528A331A}.Release|Any CPU.ActiveCfg = Release|Any CPU
		{D0C65098-FDF5-4CAB-A358-7682528A331A}.Release|Any CPU.Build.0 = Release|Any CPU
		{3964E7B8-890E-465B-B76D-1A05C41C3711}.Debug|Any CPU.ActiveCfg = Debug|Any CPU
		{3964E7B8-890E-465B-B76D-1A05C41C3711}.Debug|Any CPU.Build.0 = Debug|Any CPU
		{3964E7B8-890E-465B-B76D-1A05C41C3711}.Release|Any CPU.ActiveCfg = Release|Any CPU
		{3964E7B8-890E-465B-B76D-1A05C41C3711}.Release|Any CPU.Build.0 = Release|Any CPU
		{FE02A981-ED72-4BDD-89CE-FDAD533149C2}.Debug|Any CPU.ActiveCfg = Debug|Any CPU
		{FE02A981-ED72-4BDD-89CE-FDAD533149C2}.Debug|Any CPU.Build.0 = Debug|Any CPU
		{FE02A981-ED72-4BDD-89CE-FDAD533149C2}.Release|Any CPU.ActiveCfg = Release|Any CPU
		{FE02A981-ED72-4BDD-89CE-FDAD533149C2}.Release|Any CPU.Build.0 = Release|Any CPU
		{A2138A49-DD67-475C-BED6-F2D9BB3F0E91}.Debug|Any CPU.ActiveCfg = Debug|Any CPU
		{A2138A49-DD67-475C-BED6-F2D9BB3F0E91}.Debug|Any CPU.Build.0 = Debug|Any CPU
		{A2138A49-DD67-475C-BED6-F2D9BB3F0E91}.Release|Any CPU.ActiveCfg = Release|Any CPU
		{A2138A49-DD67-475C-BED6-F2D9BB3F0E91}.Release|Any CPU.Build.0 = Release|Any CPU
	EndGlobalSection
	GlobalSection(SolutionProperties) = preSolution
		HideSolutionNode = FALSE
	EndGlobalSection
EndGlobal
